{
  "name": "wafrn",
  "version": "0.0.4",
  "lockfileVersion": 3,
  "requires": true,
  "packages": {
    "": {
      "name": "wafrn",
      "version": "0.0.4",
      "license": "AGPL-3.0-or-later",
      "workspaces": [
        "packages/frontend",
        "packages/backend"
      ]
    },
    "node_modules/backend": {
      "resolved": "packages/backend",
      "link": true
    },
    "node_modules/wafrn-frontend": {
      "resolved": "packages/frontend",
      "link": true
    },
    "packages/backend": {
      "version": "1.0.0",
      "license": "ISC",
      "devDependencies": {}
    },
    "packages/frontend": {
      "name": "wafrn-frontend",
      "version": "0.1.0",
      "license": "ISC"
    }
  }
}
